
Microsoft Visual Studio Solution File, Format Version 12.00
# Visual Studio Version 17
VisualStudioVersion = 17.3.32825.248
MinimumVisualStudioVersion = 10.0.40219.1
Project("{FAE04EC0-301F-11D3-BF4B-00C04F79EFBC}") = "SBAdminTemplate", "SBAdminTemplate\SBAdminTemplate.csproj", "{AD51FCEC-E2E5-4C5F-8116-ACC86FD1551E}"
EndProject
Global
	GlobalSection(SolutionConfigurationPlatforms) = preSolution
		Debug|Any CPU = Debug|Any CPU
		Release|Any CPU = Release|Any CPU
	EndGlobalSection
	GlobalSection(ProjectConfigurationPlatforms) = postSolution
		{AD51FCEC-E2E5-4C5F-8116-ACC86FD1551E}.Debug|Any CPU.ActiveCfg = Debug|Any CPU
		{AD51FCEC-E2E5-4C5F-8116-ACC86FD1551E}.Debug|Any CPU.Build.0 = Debug|Any CPU
		{AD51FCEC-E2E5-4C5F-8116-ACC86FD1551E}.Release|Any CPU.ActiveCfg = Release|Any CPU
		{AD51FCEC-E2E5-4C5F-8116-ACC86FD1551E}.Release|Any CPU.Build.0 = Release|Any CPU
	EndGlobalSection
	GlobalSection(SolutionProperties) = preSolution
		HideSolutionNode = FALSE
	EndGlobalSection
	GlobalSection(ExtensibilityGlobals) = postSolution
		SolutionGuid = {5772697F-888D-45ED-86BA-E8B7394C9C75}
	EndGlobalSection
EndGlobal
